{
  "name": "dowsing-workshop",
  "version": "0.0.0",
  "lockfileVersion": 1,
  "requires": true,
  "dependencies": {
    "@babel/eslint-parser": {
      "version": "7.16.3",
      "resolved": "https://registry.npmmirror.com/@babel/eslint-parser/download/@babel/eslint-parser-7.16.3.tgz",
      "integrity": "sha512-iB4ElZT0jAt7PKVaeVulOECdGe6UnmA/O0P9jlF5g5GBOwDVbna8AXhHRu4s27xQf6OkveyA8iTDv1jHdDejgQ==",
      "dev": true,
      "requires": {
        "eslint-scope": "^5.1.1",
        "eslint-visitor-keys": "^2.1.0",
        "semver": "^6.3.0"
      }
    },
    "@babel/parser": {
      "version": "7.16.4",
      "resolved": "https://registry.npmmirror.com/@babel/parser/download/@babel/parser-7.16.4.tgz",
      "integrity": "sha512-6V0qdPUaiVHH3RtZeLIsc+6pDhbYzHR8ogA8w+f+Wc77DuXto19g2QUwveINoS34Uw+W8/hQDGJCx+i4n7xcng=="
    },
    "@css-render/plugin-bem": {
      "version": "0.15.6",
      "resolved": "https://registry.nlark.com/@css-render/plugin-bem/download/@css-render/plugin-bem-0.15.6.tgz",
      "integrity": "sha1-9/6kdN9PMmLvn7gBetocuXEs14o=",
      "dev": true,
      "requires": {
        "css-render": "~0.15.6"
      }
    },
    "@css-render/vue3-ssr": {
      "version": "0.15.6",
      "resolved": "https://registry.nlark.com/@css-render/vue3-ssr/download/@css-render/vue3-ssr-0.15.6.tgz",
      "integrity": "sha1-TtwpS9p+bKIV9sfsniyDhWRQacM=",
      "dev": true
    },
    "@emotion/hash": {
      "version": "0.8.0",
      "resolved": "https://registry.nlark.com/@emotion/hash/download/@emotion/hash-0.8.0.tgz",
      "integrity": "sha1-u7/2iXj+/b5ozLUzvIy+HRr7VBM=",
      "dev": true
    },
    "@jest/types": {
      "version": "27.2.5",
      "resolved": "https://registry.npmmirror.com/@jest/types/download/@jest/types-27.2.5.tgz?cache=0&sync_timestamp=1633701108749&other_urls=https%3A%2F%2Fregistry.npmmirror.com%2F%40jest%2Ftypes%2Fdownload%2F%40jest%2Ftypes-27.2.5.tgz",
      "integrity": "sha1-QgdlwFJgXnVoaYLSSwYbTLuiITI=",
      "dev": true,
      "requires": {
        "@types/istanbul-lib-coverage": "^2.0.0",
        "@types/istanbul-reports": "^3.0.0",
        "@types/node": "*",
        "@types/yargs": "^16.0.0",
        "chalk": "^4.0.0"
      }
    },
    "@types/istanbul-lib-coverage": {
      "version": "2.0.3",
      "resolved": "https://registry.npmmirror.com/@types/istanbul-lib-coverage/download/@types/istanbul-lib-coverage-2.0.3.tgz",
      "integrity": "sha1-S6jdtyAiH0MuRDvV+RF/0iz9R2I=",
      "dev": true
    },
    "@types/istanbul-lib-report": {
      "version": "3.0.0",
      "resolved": "https://registry.npmmirror.com/@types/istanbul-lib-report/download/@types/istanbul-lib-report-3.0.0.tgz",
      "integrity": "sha1-wUwk8Y6oGQwRjudWK3/5mjZVJoY=",
      "dev": true,
      "requires": {
        "@types/istanbul-lib-coverage": "*"
      }
    },
    "@types/istanbul-reports": {
      "version": "3.0.1",
      "resolved": "https://registry.npmmirror.com/@types/istanbul-reports/download/@types/istanbul-reports-3.0.1.tgz",
      "integrity": "sha1-kVP+mLuivVZaY63ZQ21vDX+EaP8=",
      "dev": true,
      "requires": {
        "@types/istanbul-lib-report": "*"
      }
    },
    "@types/jest": {
      "version": "27.0.3",
      "resolved": "https://registry.npmmirror.com/@types/jest/download/@types/jest-27.0.3.tgz",
      "integrity": "sha512-cmmwv9t7gBYt7hNKH5Spu7Kuu/DotGa+Ff+JGRKZ4db5eh8PnKS4LuebJ3YLUoyOyIHraTGyULn23YtEAm0VSg==",
      "dev": true,
      "requires": {
        "jest-diff": "^27.0.0",
        "pretty-format": "^27.0.0"
      }
    },
    "@types/lodash": {
      "version": "4.14.177",
      "resolved": "https://registry.npmmirror.com/@types/lodash/download/@types/lodash-4.14.177.tgz",
      "integrity": "sha512-0fDwydE2clKe9MNfvXHBHF9WEahRuj+msTuQqOmAApNORFvhMYZKNGGJdCzuhheVjMps/ti0Ak/iJPACMaevvw==",
      "dev": true
    },
    "@types/lodash-es": {
      "version": "4.17.5",
      "resolved": "https://registry.npmmirror.com/@types/lodash-es/download/@types/lodash-es-4.17.5.tgz",
      "integrity": "sha1-HD/dFoSdhK6kOJCxxg2jeftQE1M=",
      "dev": true,
      "requires": {
        "@types/lodash": "*"
      }
    },
    "@types/node": {
      "version": "14.14.45",
      "resolved": "https://registry.npmmirror.com/@types/node/download/@types/node-14.14.45.tgz",
      "integrity": "sha1-7C37VWb/gU0GGu9+FBV1rtuiRc8=",
      "dev": true
    },
    "@types/yargs": {
      "version": "16.0.4",
      "resolved": "https://registry.npmmirror.com/@types/yargs/download/@types/yargs-16.0.4.tgz",
      "integrity": "sha1-JqrZjdLCo45CEIbqmtQrnlFkKXc=",
      "dev": true,
      "requires": {
        "@types/yargs-parser": "*"
      }
    },
    "@types/yargs-parser": {
      "version": "20.2.1",
      "resolved": "https://registry.npmmirror.com/@types/yargs-parser/download/@types/yargs-parser-20.2.1.tgz",
      "integrity": "sha1-O5ziSJkZ2eT+pDm3aRarw0st8Sk=",
      "dev": true
    },
    "@vicons/fluent": {
      "version": "0.11.0",
      "resolved": "https://registry.nlark.com/@vicons/fluent/download/@vicons/fluent-0.11.0.tgz",
      "integrity": "sha1-hPPNolVTnLlvRcicFgHiiS15gm8=",
      "dev": true
    },
    "@vitejs/plugin-vue": {
      "version": "1.10.1",
      "resolved": "https://registry.npmmirror.com/@vitejs/plugin-vue/download/@vitejs/plugin-vue-1.10.1.tgz",
      "integrity": "sha512-oL76QETMSpVE9jIScirGB2bYJEVU/+r+g+K7oG+sXPs9TZljqveoVRsmLyXlMZTjpQkLL8gz527cW80NMGVKJg==",
      "dev": true
    },
    "@vue/compiler-core": {
      "version": "3.2.23",
      "resolved": "https://registry.npmmirror.com/@vue/compiler-core/download/@vue/compiler-core-3.2.23.tgz",
      "integrity": "sha512-4ZhiI/orx+7EJ1B+0zjgvXMV2uRN+XBfG06UN2sJfND9rH5gtEQT3QmO4erum1o6Irl7y754W8/KSaDJh4EUQg==",
      "requires": {
        "@babel/parser": "^7.15.0",
        "@vue/shared": "3.2.23",
        "estree-walker": "^2.0.2",
        "source-map": "^0.6.1"
      }
    },
    "@vue/compiler-dom": {
      "version": "3.2.23",
      "resolved": "https://registry.npmmirror.com/@vue/compiler-dom/download/@vue/compiler-dom-3.2.23.tgz",
      "integrity": "sha512-X2Nw8QFc5lgoK3kio5ktM95nqmLUH+q+N/PbV4kCHzF1avqv/EGLnAhaaF0Iu4bewNvHJAAhhwPZFeoV/22nbw==",
      "requires": {
        "@vue/compiler-core": "3.2.23",
        "@vue/shared": "3.2.23"
      }
    },
    "@vue/compiler-sfc": {
      "version": "3.2.23",
      "resolved": "https://registry.npmmirror.com/@vue/compiler-sfc/download/@vue/compiler-sfc-3.2.23.tgz",
      "integrity": "sha512-Aw+pb50Q5zTjyvWod8mNKmYZDRGHJBptmNNWE+84ZxrzEztPgMz8cNYIzWGbwcFVkmJlhvioAMvKnB+LM/sjSA==",
      "requires": {
        "@babel/parser": "^7.15.0",
        "@vue/compiler-core": "3.2.23",
        "@vue/compiler-dom": "3.2.23",
        "@vue/compiler-ssr": "3.2.23",
        "@vue/ref-transform": "3.2.23",
        "@vue/shared": "3.2.23",
        "estree-walker": "^2.0.2",
        "magic-string": "^0.25.7",
        "postcss": "^8.1.10",
        "source-map": "^0.6.1"
      }
    },
    "@vue/compiler-ssr": {
      "version": "3.2.23",
      "resolved": "https://registry.npmmirror.com/@vue/compiler-ssr/download/@vue/compiler-ssr-3.2.23.tgz",
      "integrity": "sha512-Bqzn4jFyXPK1Ehqiq7e/czS8n62gtYF1Zfeu0DrR5uv+SBllh7LIvZjZU6+c8qbocAd3/T3I3gn2cZGmnDb6zg==",
      "requires": {
        "@vue/compiler-dom": "3.2.23",
        "@vue/shared": "3.2.23"
      }
    },
    "@vue/devtools-api": {
      "version": "6.0.0-beta.20.1",
      "resolved": "https://registry.npmmirror.com/@vue/devtools-api/download/@vue/devtools-api-6.0.0-beta.20.1.tgz",
      "integrity": "sha512-R2rfiRY+kZugzWh9ZyITaovx+jpU4vgivAEAiz80kvh3yviiTU3CBuGuyWpSwGz9/C7TkSWVM/FtQRGlZ16n8Q=="
    },
    "@vue/reactivity": {
      "version": "3.2.23",
      "resolved": "https://registry.npmmirror.com/@vue/reactivity/download/@vue/reactivity-3.2.23.tgz",
      "integrity": "sha512-8RGVr/5Kpgb/EkCjgHXqttgA5IMc6n0lIXFY4TVbMkzdXrvaIhzBd7Te44oIDsTSYVKZLpfHd6/wEnuDqE8vFw==",
      "requires": {
        "@vue/shared": "3.2.23"
      }
    },
    "@vue/ref-transform": {
      "version": "3.2.23",
      "resolved": "https://registry.npmmirror.com/@vue/ref-transform/download/@vue/ref-transform-3.2.23.tgz",
      "integrity": "sha512-gW0GD2PSAs/th7mC7tPB/UwpIQxclbApVtsDtscDmOJXb2+cdu60ny+SuHNgfrlUT/JqWKQHq7jFKO4woxLNaA==",
      "requires": {
        "@babel/parser": "^7.15.0",
        "@vue/compiler-core": "3.2.23",
        "@vue/shared": "3.2.23",
        "estree-walker": "^2.0.2",
        "magic-string": "^0.25.7"
      }
    },
    "@vue/runtime-core": {
      "version": "3.2.23",
      "resolved": "https://registry.npmmirror.com/@vue/runtime-core/download/@vue/runtime-core-3.2.23.tgz",
      "integrity": "sha512-wSI5lmY2kCGLf89iiygqxVh6/5bsawz78Me9n1x4U2bHnN0yf3PWyuhN0WgIE8VfEaF7e75E333uboNEIFjgkg==",
      "requires": {
        "@vue/reactivity": "3.2.23",
        "@vue/shared": "3.2.23"
      }
    },
    "@vue/runtime-dom": {
      "version": "3.2.23",
      "resolved": "https://registry.npmmirror.com/@vue/runtime-dom/download/@vue/runtime-dom-3.2.23.tgz",
      "integrity": "sha512-z6lp0888NkLmxD9j2sGoll8Kb7J743s8s6w7GbiyUc4WZwm0KJ35B4qTFDMoIU0G7CatS6Z+yRTpPHc6srtByg==",
      "requires": {
        "@vue/runtime-core": "3.2.23",
        "@vue/shared": "3.2.23",
        "csstype": "^2.6.8"
      }
    },
    "@vue/server-renderer": {
      "version": "3.2.23",
      "resolved": "https://registry.npmmirror.com/@vue/server-renderer/download/@vue/server-renderer-3.2.23.tgz",
      "integrity": "sha512-mgQ2VAE5WjeZELJKNbwE69uiBNpN+3LyL0ZDki1bJWVwHD2fhPfx7pwyYuiucE81xz2LxVsyGxhKKUL997g8vw==",
      "requires": {
        "@vue/compiler-ssr": "3.2.23",
        "@vue/shared": "3.2.23"
      }
    },
    "@vue/shared": {
      "version": "3.2.23",
      "resolved": "https://registry.npmmirror.com/@vue/shared/download/@vue/shared-3.2.23.tgz",
      "integrity": "sha512-U+/Jefa0QfXUF2qVy9Dqlrb6HKJSr9/wJcM66wXmWcTOoqg7hOWzF4qruDle51pyF4x3wMn6TSH54UdjKjCKMA=="
    },
    "ansi-regex": {
      "version": "5.0.1",
      "resolved": "https://registry.nlark.com/ansi-regex/download/ansi-regex-5.0.1.tgz",
      "integrity": "sha1-CCyyyJyf6GWaMRpTvWpNxTAdswQ=",
      "dev": true
    },
    "ansi-styles": {
      "version": "4.3.0",
      "resolved": "https://registry.nlark.com/ansi-styles/download/ansi-styles-4.3.0.tgz?cache=0&sync_timestamp=1618995625950&other_urls=https%3A%2F%2Fregistry.nlark.com%2Fansi-styles%2Fdownload%2Fansi-styles-4.3.0.tgz",
      "integrity": "sha1-7dgDYornHATIWuegkG7a00tkiTc=",
      "dev": true,
      "requires": {
        "color-convert": "^2.0.1"
      }
    },
    "async-validator": {
      "version": "4.0.7",
      "resolved": "https://registry.npmmirror.com/async-validator/download/async-validator-4.0.7.tgz",
      "integrity": "sha1-A0oP0hA6ay6/AQ2nUYO+wpkkev4=",
      "dev": true
    },
    "chalk": {
      "version": "4.1.2",
      "resolved": "https://registry.npmmirror.com/chalk/download/chalk-4.1.2.tgz",
      "integrity": "sha1-qsTit3NKdAhnrrFr8CqtVWoeegE=",
      "dev": true,
      "requires": {
        "ansi-styles": "^4.1.0",
        "supports-color": "^7.1.0"
      }
    },
    "color-convert": {
      "version": "2.0.1",
      "resolved": "https://registry.npm.taobao.org/color-convert/download/color-convert-2.0.1.tgz",
      "integrity": "sha1-ctOmjVmMm9s68q0ehPIdiWq9TeM=",
      "dev": true,
      "requires": {
        "color-name": "~1.1.4"
      }
    },
    "color-name": {
      "version": "1.1.4",
      "resolved": "https://registry.npm.taobao.org/color-name/download/color-name-1.1.4.tgz",
      "integrity": "sha1-wqCah6y95pVD3m9j+jmVyCbFNqI=",
      "dev": true
    },
    "css-render": {
      "version": "0.15.6",
      "resolved": "https://registry.nlark.com/css-render/download/css-render-0.15.6.tgz",
      "integrity": "sha1-k7d4/8OBIPjNThNZQfDXbuTBt4M=",
      "dev": true,
      "requires": {
        "@emotion/hash": "~0.8.0",
        "@types/node": "~14.14.31",
        "csstype": "~3.0.5"
      },
      "dependencies": {
        "csstype": {
          "version": "3.0.10",
          "resolved": "https://registry.npmmirror.com/csstype/download/csstype-3.0.10.tgz?cache=0&sync_timestamp=1637224539572&other_urls=https%3A%2F%2Fregistry.npmmirror.com%2Fcsstype%2Fdownload%2Fcsstype-3.0.10.tgz",
          "integrity": "sha512-2u44ZG2OcNUO9HDp/Jl8C07x6pU/eTR3ncV91SiK3dhG9TWvRVsCoJw14Ckx5DgWkzGA3waZWO3d7pgqpUI/XA==",
          "dev": true
        }
      }
    },
    "csstype": {
      "version": "2.6.19",
      "resolved": "https://registry.npmmirror.com/csstype/download/csstype-2.6.19.tgz?cache=0&sync_timestamp=1637224539572&other_urls=https%3A%2F%2Fregistry.npmmirror.com%2Fcsstype%2Fdownload%2Fcsstype-2.6.19.tgz",
      "integrity": "sha512-ZVxXaNy28/k3kJg0Fou5MiYpp88j7H9hLZp8PDC3jV0WFjfH5E9xHb56L0W59cPbKbcHXeP4qyT8PrHp8t6LcQ=="
    },
    "date-fns": {
      "version": "2.26.0",
      "resolved": "https://registry.npmmirror.com/date-fns/download/date-fns-2.26.0.tgz?cache=0&sync_timestamp=1637308994584&other_urls=https%3A%2F%2Fregistry.npmmirror.com%2Fdate-fns%2Fdownload%2Fdate-fns-2.26.0.tgz",
      "integrity": "sha512-VQI812dRi3cusdY/fhoBKvc6l2W8BPWU1FNVnFH9Nttjx4AFBRzfSVb/Eyc7jBT6e9sg1XtAGsYpBQ6c/jygbg==",
      "dev": true
    },
    "date-fns-tz": {
      "version": "1.1.6",
      "resolved": "https://registry.nlark.com/date-fns-tz/download/date-fns-tz-1.1.6.tgz",
      "integrity": "sha1-k8vzVOKuss0xL/oy5GLBlDzyCo4=",
      "dev": true
    },
    "diff-sequences": {
      "version": "27.0.6",
      "resolved": "https://registry.nlark.com/diff-sequences/download/diff-sequences-27.0.6.tgz",
      "integrity": "sha1-MwXLLlWgM5JAVGlcxmAZ/X+OVyM=",
      "dev": true
    },
    "esbuild": {
      "version": "0.13.15",
      "resolved": "https://registry.npmmirror.com/esbuild/download/esbuild-0.13.15.tgz?cache=0&sync_timestamp=1637432328654&other_urls=https%3A%2F%2Fregistry.npmmirror.com%2Fesbuild%2Fdownload%2Fesbuild-0.13.15.tgz",
      "integrity": "sha512-raCxt02HBKv8RJxE8vkTSCXGIyKHdEdGfUmiYb8wnabnaEmHzyW7DCHb5tEN0xU8ryqg5xw54mcwnYkC4x3AIw==",
      "dev": true,
      "requires": {
        "esbuild-android-arm64": "0.13.15",
        "esbuild-darwin-64": "0.13.15",
        "esbuild-darwin-arm64": "0.13.15",
        "esbuild-freebsd-64": "0.13.15",
        "esbuild-freebsd-arm64": "0.13.15",
        "esbuild-linux-32": "0.13.15",
        "esbuild-linux-64": "0.13.15",
        "esbuild-linux-arm": "0.13.15",
        "esbuild-linux-arm64": "0.13.15",
        "esbuild-linux-mips64le": "0.13.15",
        "esbuild-linux-ppc64le": "0.13.15",
        "esbuild-netbsd-64": "0.13.15",
        "esbuild-openbsd-64": "0.13.15",
        "esbuild-sunos-64": "0.13.15",
        "esbuild-windows-32": "0.13.15",
        "esbuild-windows-64": "0.13.15",
        "esbuild-windows-arm64": "0.13.15"
      }
    },
    "esbuild-android-arm64": {
      "version": "0.13.15",
      "resolved": "https://registry.npmmirror.com/esbuild-android-arm64/download/esbuild-android-arm64-0.13.15.tgz?cache=0&sync_timestamp=1637463173888&other_urls=https%3A%2F%2Fregistry.npmmirror.com%2Fesbuild-android-arm64%2Fdownload%2Fesbuild-android-arm64-0.13.15.tgz",
      "integrity": "sha512-m602nft/XXeO8YQPUDVoHfjyRVPdPgjyyXOxZ44MK/agewFFkPa8tUo6lAzSWh5Ui5PB4KR9UIFTSBKh/RrCmg==",
      "dev": true,
      "optional": true
    },
    "esbuild-darwin-64": {
      "version": "0.13.15",
      "resolved": "https://registry.npmmirror.com/esbuild-darwin-64/download/esbuild-darwin-64-0.13.15.tgz",
      "integrity": "sha512-ihOQRGs2yyp7t5bArCwnvn2Atr6X4axqPpEdCFPVp7iUj4cVSdisgvEKdNR7yH3JDjW6aQDw40iQFoTqejqxvQ==",
      "dev": true,
      "optional": true
    },
    "esbuild-darwin-arm64": {
      "version": "0.13.15",
      "resolved": "https://registry.npmmirror.com/esbuild-darwin-arm64/download/esbuild-darwin-arm64-0.13.15.tgz",
      "integrity": "sha512-i1FZssTVxUqNlJ6cBTj5YQj4imWy3m49RZRnHhLpefFIh0To05ow9DTrXROTE1urGTQCloFUXTX8QfGJy1P8dQ==",
      "dev": true,
      "optional": true
    },
    "esbuild-freebsd-64": {
      "version": "0.13.15",
      "resolved": "https://registry.npmmirror.com/esbuild-freebsd-64/download/esbuild-freebsd-64-0.13.15.tgz?cache=0&sync_timestamp=1637498944222&other_urls=https%3A%2F%2Fregistry.npmmirror.com%2Fesbuild-freebsd-64%2Fdownload%2Fesbuild-freebsd-64-0.13.15.tgz",
      "integrity": "sha512-G3dLBXUI6lC6Z09/x+WtXBXbOYQZ0E8TDBqvn7aMaOCzryJs8LyVXKY4CPnHFXZAbSwkCbqiPuSQ1+HhrNk7EA==",
      "dev": true,
      "optional": true
    },
    "esbuild-freebsd-arm64": {
      "version": "0.13.15",
      "resolved": "https://registry.npmmirror.com/esbuild-freebsd-arm64/download/esbuild-freebsd-arm64-0.13.15.tgz",
      "integrity": "sha512-KJx0fzEDf1uhNOZQStV4ujg30WlnwqUASaGSFPhznLM/bbheu9HhqZ6mJJZM32lkyfGJikw0jg7v3S0oAvtvQQ==",
      "dev": true,
      "optional": true
    },
    "esbuild-linux-32": {
      "version": "0.13.15",
      "resolved": "https://registry.npmmirror.com/esbuild-linux-32/download/esbuild-linux-32-0.13.15.tgz",
      "integrity": "sha512-ZvTBPk0YWCLMCXiFmD5EUtB30zIPvC5Itxz0mdTu/xZBbbHJftQgLWY49wEPSn2T/TxahYCRDWun5smRa0Tu+g==",
      "dev": true,
      "optional": true
    },
    "esbuild-linux-64": {
      "version": "0.13.15",
      "resolved": "https://registry.npmmirror.com/esbuild-linux-64/download/esbuild-linux-64-0.13.15.tgz",
      "integrity": "sha512-eCKzkNSLywNeQTRBxJRQ0jxRCl2YWdMB3+PkWFo2BBQYC5mISLIVIjThNtn6HUNqua1pnvgP5xX0nHbZbPj5oA==",
      "dev": true,
      "optional": true
    },
    "esbuild-linux-arm": {
      "version": "0.13.15",
      "resolved": "https://registry.npmmirror.com/esbuild-linux-arm/download/esbuild-linux-arm-0.13.15.tgz",
      "integrity": "sha512-wUHttDi/ol0tD8ZgUMDH8Ef7IbDX+/UsWJOXaAyTdkT7Yy9ZBqPg8bgB/Dn3CZ9SBpNieozrPRHm0BGww7W/jA==",
      "dev": true,
      "optional": true
    },
    "esbuild-linux-arm64": {
      "version": "0.13.15",
      "resolved": "https://registry.npmmirror.com/esbuild-linux-arm64/download/esbuild-linux-arm64-0.13.15.tgz",
      "integrity": "sha512-bYpuUlN6qYU9slzr/ltyLTR9YTBS7qUDymO8SV7kjeNext61OdmqFAzuVZom+OLW1HPHseBfJ/JfdSlx8oTUoA==",
      "dev": true,
      "optional": true
    },
    "esbuild-linux-mips64le": {
      "version": "0.13.15",
      "resolved": "https://registry.npmmirror.com/esbuild-linux-mips64le/download/esbuild-linux-mips64le-0.13.15.tgz?cache=0&sync_timestamp=1637498944740&other_urls=https%3A%2F%2Fregistry.npmmirror.com%2Fesbuild-linux-mips64le%2Fdownload%2Fesbuild-linux-mips64le-0.13.15.tgz",
      "integrity": "sha512-KlVjIG828uFPyJkO/8gKwy9RbXhCEUeFsCGOJBepUlpa7G8/SeZgncUEz/tOOUJTcWMTmFMtdd3GElGyAtbSWg==",
      "dev": true,
      "optional": true
    },
    "esbuild-linux-ppc64le": {
      "version": "0.13.15",
      "resolved": "https://registry.npmmirror.com/esbuild-linux-ppc64le/download/esbuild-linux-ppc64le-0.13.15.tgz?cache=0&sync_timestamp=1637463173408&other_urls=https%3A%2F%2Fregistry.npmmirror.com%2Fesbuild-linux-ppc64le%2Fdownload%2Fesbuild-linux-ppc64le-0.13.15.tgz",
      "integrity": "sha512-h6gYF+OsaqEuBjeesTBtUPw0bmiDu7eAeuc2OEH9S6mV9/jPhPdhOWzdeshb0BskRZxPhxPOjqZ+/OqLcxQwEQ==",
      "dev": true,
      "optional": true
    },
    "esbuild-netbsd-64": {
      "version": "0.13.15",
      "resolved": "https://registry.npmmirror.com/esbuild-netbsd-64/download/esbuild-netbsd-64-0.13.15.tgz",
      "integrity": "sha512-3+yE9emwoevLMyvu+iR3rsa+Xwhie7ZEHMGDQ6dkqP/ndFzRHkobHUKTe+NCApSqG5ce2z4rFu+NX/UHnxlh3w==",
      "dev": true,
      "optional": true
    },
    "esbuild-openbsd-64": {
      "version": "0.13.15",
      "resolved": "https://registry.npmmirror.com/esbuild-openbsd-64/download/esbuild-openbsd-64-0.13.15.tgz?cache=0&sync_timestamp=1637463173674&other_urls=https%3A%2F%2Fregistry.npmmirror.com%2Fesbuild-openbsd-64%2Fdownload%2Fesbuild-openbsd-64-0.13.15.tgz",
      "integrity": "sha512-wTfvtwYJYAFL1fSs8yHIdf5GEE4NkbtbXtjLWjM3Cw8mmQKqsg8kTiqJ9NJQe5NX/5Qlo7Xd9r1yKMMkHllp5g==",
      "dev": true,
      "optional": true
    },
    "esbuild-sunos-64": {
      "version": "0.13.15",
      "resolved": "https://registry.npmmirror.com/esbuild-sunos-64/download/esbuild-sunos-64-0.13.15.tgz?cache=0&sync_timestamp=1637498945122&other_urls=https%3A%2F%2Fregistry.npmmirror.com%2Fesbuild-sunos-64%2Fdownload%2Fesbuild-sunos-64-0.13.15.tgz",
      "integrity": "sha512-lbivT9Bx3t1iWWrSnGyBP9ODriEvWDRiweAs69vI+miJoeKwHWOComSRukttbuzjZ8r1q0mQJ8Z7yUsDJ3hKdw==",
      "dev": true,
      "optional": true
    },
    "esbuild-windows-32": {
      "version": "0.13.15",
      "resolved": "https://registry.npmmirror.com/esbuild-windows-32/download/esbuild-windows-32-0.13.15.tgz",
      "integrity": "sha512-fDMEf2g3SsJ599MBr50cY5ve5lP1wyVwTe6aLJsM01KtxyKkB4UT+fc5MXQFn3RLrAIAZOG+tHC+yXObpSn7Nw==",
      "dev": true,
      "optional": true
    },
    "esbuild-windows-64": {
      "version": "0.13.15",
      "resolved": "https://registry.npmmirror.com/esbuild-windows-64/download/esbuild-windows-64-0.13.15.tgz?cache=0&sync_timestamp=1637463173069&other_urls=https%3A%2F%2Fregistry.npmmirror.com%2Fesbuild-windows-64%2Fdownload%2Fesbuild-windows-64-0.13.15.tgz",
      "integrity": "sha512-9aMsPRGDWCd3bGjUIKG/ZOJPKsiztlxl/Q3C1XDswO6eNX/Jtwu4M+jb6YDH9hRSUflQWX0XKAfWzgy5Wk54JQ==",
      "dev": true,
      "optional": true
    },
    "esbuild-windows-arm64": {
      "version": "0.13.15",
      "resolved": "https://registry.npmmirror.com/esbuild-windows-arm64/download/esbuild-windows-arm64-0.13.15.tgz",
      "integrity": "sha512-zzvyCVVpbwQQATaf3IG8mu1IwGEiDxKkYUdA4FpoCHi1KtPa13jeScYDjlW0Qh+ebWzpKfR2ZwvqAQkSWNcKjA==",
      "dev": true,
      "optional": true
    },
    "eslint-scope": {
      "version": "5.1.1",
      "resolved": "https://registry.npmmirror.com/eslint-scope/download/eslint-scope-5.1.1.tgz?cache=0&sync_timestamp=1637466986944&other_urls=https%3A%2F%2Fregistry.npmmirror.com%2Feslint-scope%2Fdownload%2Feslint-scope-5.1.1.tgz",
      "integrity": "sha1-54blmmbLkrP2wfsNUIqrF0hI9Iw=",
      "dev": true,
      "requires": {
        "esrecurse": "^4.3.0",
        "estraverse": "^4.1.1"
      }
    },
    "eslint-visitor-keys": {
      "version": "2.1.0",
      "resolved": "https://registry.npmmirror.com/eslint-visitor-keys/download/eslint-visitor-keys-2.1.0.tgz?cache=0&sync_timestamp=1636378420914&other_urls=https%3A%2F%2Fregistry.npmmirror.com%2Feslint-visitor-keys%2Fdownload%2Feslint-visitor-keys-2.1.0.tgz",
      "integrity": "sha1-9lMoJZMFknOSyTjtROsKXJsr0wM=",
      "dev": true
    },
    "esrecurse": {
      "version": "4.3.0",
      "resolved": "https://registry.npm.taobao.org/esrecurse/download/esrecurse-4.3.0.tgz",
      "integrity": "sha1-eteWTWeauyi+5yzsY3WLHF0smSE=",
      "dev": true,
      "requires": {
        "estraverse": "^5.2.0"
      },
      "dependencies": {
        "estraverse": {
          "version": "5.3.0",
          "resolved": "https://registry.npmmirror.com/estraverse/download/estraverse-5.3.0.tgz?cache=0&sync_timestamp=1635237716974&other_urls=https%3A%2F%2Fregistry.npmmirror.com%2Festraverse%2Fdownload%2Festraverse-5.3.0.tgz",
          "integrity": "sha1-LupSkHAvJquP5TcDcP+GyWXSESM=",
          "dev": true
        }
      }
    },
    "estraverse": {
      "version": "4.3.0",
      "resolved": "https://registry.npmmirror.com/estraverse/download/estraverse-4.3.0.tgz?cache=0&sync_timestamp=1635237716974&other_urls=https%3A%2F%2Fregistry.npmmirror.com%2Festraverse%2Fdownload%2Festraverse-4.3.0.tgz",
      "integrity": "sha1-OYrT88WiSUi+dyXoPRGn3ijNvR0=",
      "dev": true
    },
    "estree-walker": {
      "version": "2.0.2",
      "resolved": "https://registry.npm.taobao.org/estree-walker/download/estree-walker-2.0.2.tgz",
      "integrity": "sha1-UvAQF4wqTBF6d1fP6UKtt9LaTKw="
    },
    "evtd": {
      "version": "0.2.3",
      "resolved": "https://registry.npmmirror.com/evtd/download/evtd-0.2.3.tgz",
      "integrity": "sha512-tmiT1YUVqFjTY+BSBOAskL83xNx41iUfpvKP6Gcd/xMHjg3mnER98jXGXJyKnxCG19uPc6EhZiUC+MUyvoqCtw==",
      "dev": true
    },
    "fsevents": {
      "version": "2.3.2",
      "resolved": "https://registry.npmmirror.com/fsevents/download/fsevents-2.3.2.tgz",
      "integrity": "sha1-ilJveLj99GI7cJ4Ll1xSwkwC/Ro=",
      "dev": true,
      "optional": true
    },
    "function-bind": {
      "version": "1.1.1",
      "resolved": "https://registry.npm.taobao.org/function-bind/download/function-bind-1.1.1.tgz?cache=0&other_urls=https%3A%2F%2Fregistry.npm.taobao.org%2Ffunction-bind%2Fdownload%2Ffunction-bind-1.1.1.tgz",
      "integrity": "sha1-pWiZ0+o8m6uHS7l3O3xe3pL0iV0=",
      "dev": true
    },
    "has": {
      "version": "1.0.3",
      "resolved": "https://registry.npm.taobao.org/has/download/has-1.0.3.tgz",
      "integrity": "sha1-ci18v8H2qoJB8W3YFOAR4fQeh5Y=",
      "dev": true,
      "requires": {
        "function-bind": "^1.1.1"
      }
    },
    "has-flag": {
      "version": "4.0.0",
      "resolved": "https://registry.nlark.com/has-flag/download/has-flag-4.0.0.tgz",
      "integrity": "sha1-lEdx/ZyByBJlxNaUGGDaBrtZR5s=",
      "dev": true
    },
    "highlight.js": {
      "version": "11.3.1",
      "resolved": "https://registry.npmmirror.com/highlight.js/download/highlight.js-11.3.1.tgz",
      "integrity": "sha1-gTB47zqlGcYXAPhP6QRyMcXcMpE=",
      "dev": true
    },
    "is-core-module": {
      "version": "2.8.0",
      "resolved": "https://registry.npmmirror.com/is-core-module/download/is-core-module-2.8.0.tgz?cache=0&sync_timestamp=1634236731601&other_urls=https%3A%2F%2Fregistry.npmmirror.com%2Fis-core-module%2Fdownload%2Fis-core-module-2.8.0.tgz",
      "integrity": "sha1-AyEzbD0JJeSX/Zf12VyxFKXM1Ug=",
      "dev": true,
      "requires": {
        "has": "^1.0.3"
      }
    },
    "jest-diff": {
      "version": "27.3.1",
      "resolved": "https://registry.npmmirror.com/jest-diff/download/jest-diff-27.3.1.tgz?cache=0&sync_timestamp=1634626708807&other_urls=https%3A%2F%2Fregistry.npmmirror.com%2Fjest-diff%2Fdownload%2Fjest-diff-27.3.1.tgz",
      "integrity": "sha1-0ndf6hVBH19a7aKl4CwvNkQPbVU=",
      "dev": true,
      "requires": {
        "chalk": "^4.0.0",
        "diff-sequences": "^27.0.6",
        "jest-get-type": "^27.3.1",
        "pretty-format": "^27.3.1"
      }
    },
    "jest-get-type": {
      "version": "27.3.1",
      "resolved": "https://registry.npmmirror.com/jest-get-type/download/jest-get-type-27.3.1.tgz?cache=0&sync_timestamp=1634626733231&other_urls=https%3A%2F%2Fregistry.npmmirror.com%2Fjest-get-type%2Fdownload%2Fjest-get-type-27.3.1.tgz",
      "integrity": "sha1-qKKwoStQFpdzCZ7uYKDm3RFCPv8=",
      "dev": true
    },
    "lodash": {
      "version": "4.17.21",
      "resolved": "https://registry.npm.taobao.org/lodash/download/lodash-4.17.21.tgz?cache=0&sync_timestamp=1613835817439&other_urls=https%3A%2F%2Fregistry.npm.taobao.org%2Flodash%2Fdownload%2Flodash-4.17.21.tgz",
      "integrity": "sha1-Z5WRxWTDv/quhFTPCz3zcMPWkRw="
    },
    "lodash-es": {
      "version": "4.17.21",
      "resolved": "https://registry.nlark.com/lodash-es/download/lodash-es-4.17.21.tgz",
      "integrity": "sha1-Q+YmxG5lkbd1C+srUBFzkMYJ4+4=",
      "dev": true
    },
    "magic-string": {
      "version": "0.25.7",
      "resolved": "https://registry.npm.taobao.org/magic-string/download/magic-string-0.25.7.tgz",
      "integrity": "sha1-P0l9b9NMZpxnmNy4IfLvMfVEUFE=",
      "requires": {
        "sourcemap-codec": "^1.4.4"
      }
    },
    "naive-ui": {
      "version": "2.21.1",
      "resolved": "https://registry.npmmirror.com/naive-ui/download/naive-ui-2.21.1.tgz",
      "integrity": "sha512-lBVJ4OWEGVc+qBITAdIQHg2rcl4jqihdC1R/HtWAWBQJN68rclE/W44EWOw/EiFdje2nPigjyTPOU6srzxWP3g==",
      "dev": true,
      "requires": {
        "@babel/eslint-parser": "^7.15.8",
        "@css-render/plugin-bem": "^0.15.6",
        "@css-render/vue3-ssr": "^0.15.6",
        "@types/lodash": "^4.14.170",
        "@types/lodash-es": "^4.17.4",
        "async-validator": "^4.0.1",
        "css-render": "^0.15.6",
        "date-fns": "^2.19.0",
        "date-fns-tz": "^1.1.6",
        "evtd": "^0.2.3",
        "highlight.js": "^11.0.1",
        "lodash": "^4.17.21",
        "lodash-es": "^4.17.21",
        "seemly": "^0.3.3",
        "treemate": "^0.3.8",
        "vdirs": "^0.1.4",
        "vfonts": "^0.1.0",
        "vooks": "^0.2.10",
        "vueuc": "^0.4.15"
      }
    },
    "nanoid": {
      "version": "3.1.30",
      "resolved": "https://registry.npmmirror.com/nanoid/download/nanoid-3.1.30.tgz",
      "integrity": "sha1-Y/k8xUjSoRPcXfvGO/oJ4rm2Q2I="
    },
    "path-parse": {
      "version": "1.0.7",
      "resolved": "https://registry.nlark.com/path-parse/download/path-parse-1.0.7.tgz?cache=0&sync_timestamp=1621947812221&other_urls=https%3A%2F%2Fregistry.nlark.com%2Fpath-parse%2Fdownload%2Fpath-parse-1.0.7.tgz",
      "integrity": "sha1-+8EUtgykKzDZ2vWFjkvWi77bZzU=",
      "dev": true
    },
    "picocolors": {
      "version": "1.0.0",
      "resolved": "https://registry.npmmirror.com/picocolors/download/picocolors-1.0.0.tgz?cache=0&other_urls=https%3A%2F%2Fregistry.npmmirror.com%2Fpicocolors%2Fdownload%2Fpicocolors-1.0.0.tgz",
      "integrity": "sha1-y1vcdP8/UYkiNur3nWi8RFZKuBw="
    },
    "pinia": {
      "version": "2.0.4",
      "resolved": "https://registry.npmmirror.com/pinia/download/pinia-2.0.4.tgz",
      "integrity": "sha512-nAc2f9HmOcBbWRlnGDuBGedM1G6uFAR10FnJWP1/dgm1I2tM5jbgKL/3IgynP4mBnPCy//ky7g0WpCZl5Mmxsg==",
      "requires": {
        "@vue/devtools-api": "^6.0.0-beta.20.1",
        "vue-demi": "*"
      }
    },
    "postcss": {
      "version": "8.4.1",
      "resolved": "https://registry.npmmirror.com/postcss/download/postcss-8.4.1.tgz",
      "integrity": "sha512-WqLs/TTzXdG+/A4ZOOK9WDZiikrRaiA+eoEb/jz2DT9KUhMNHgP7yKPO8vwi62ZCsb703Gwb7BMZwDzI54Y2Ag==",
      "requires": {
        "nanoid": "^3.1.30",
        "picocolors": "^1.0.0",
        "source-map-js": "^1.0.1"
      }
    },
    "pretty-format": {
      "version": "27.3.1",
      "resolved": "https://registry.npmmirror.com/pretty-format/download/pretty-format-27.3.1.tgz?cache=0&sync_timestamp=1634626739813&other_urls=https%3A%2F%2Fregistry.npmmirror.com%2Fpretty-format%2Fdownload%2Fpretty-format-27.3.1.tgz",
      "integrity": "sha1-fpSGNlzN1KUCBh+nYdOrnKG3jfU=",
      "dev": true,
      "requires": {
        "@jest/types": "^27.2.5",
        "ansi-regex": "^5.0.1",
        "ansi-styles": "^5.0.0",
        "react-is": "^17.0.1"
      },
      "dependencies": {
        "ansi-styles": {
          "version": "5.2.0",
          "resolved": "https://registry.nlark.com/ansi-styles/download/ansi-styles-5.2.0.tgz?cache=0&sync_timestamp=1618995625950&other_urls=https%3A%2F%2Fregistry.nlark.com%2Fansi-styles%2Fdownload%2Fansi-styles-5.2.0.tgz",
          "integrity": "sha1-B0SWkK1Fd30ZJKwquy/IiV26g2s=",
          "dev": true
        }
      }
    },
    "react-is": {
      "version": "17.0.2",
      "resolved": "https://registry.npmmirror.com/react-is/download/react-is-17.0.2.tgz",
      "integrity": "sha1-5pHUqOnHiTZWVVOas3J2Kw77VPA=",
      "dev": true
    },
    "resize-observer-polyfill": {
      "version": "1.5.1",
      "resolved": "https://registry.npm.taobao.org/resize-observer-polyfill/download/resize-observer-polyfill-1.5.1.tgz",
      "integrity": "sha1-DpAg3T0hAkRY1OvSfiPkAmmBBGQ=",
      "dev": true
    },
    "resolve": {
      "version": "1.20.0",
      "resolved": "https://registry.npm.taobao.org/resolve/download/resolve-1.20.0.tgz?cache=0&sync_timestamp=1613054898763&other_urls=https%3A%2F%2Fregistry.npm.taobao.org%2Fresolve%2Fdownload%2Fresolve-1.20.0.tgz",
      "integrity": "sha1-YpoBP7P3B1XW8LeTXMHCxTeLGXU=",
      "dev": true,
      "requires": {
        "is-core-module": "^2.2.0",
        "path-parse": "^1.0.6"
      }
    },
    "rollup": {
      "version": "2.60.1",
      "resolved": "https://registry.npmmirror.com/rollup/download/rollup-2.60.1.tgz?cache=0&sync_timestamp=1637567733104&other_urls=https%3A%2F%2Fregistry.npmmirror.com%2Frollup%2Fdownload%2Frollup-2.60.1.tgz",
      "integrity": "sha512-akwfnpjY0rXEDSn1UTVfKXJhPsEBu+imi1gqBA1ZkHGydUnkV/fWCC90P7rDaLEW8KTwBcS1G3N4893Ndz+jwg==",
      "dev": true,
      "requires": {
        "fsevents": "~2.3.2"
      }
    },
    "seemly": {
      "version": "0.3.3",
      "resolved": "https://registry.npmmirror.com/seemly/download/seemly-0.3.3.tgz",
      "integrity": "sha512-mAyqemz41e9HiZPMXAn7NtTExJgztwco5cdZjrt/iViU/oFeav+Q8K1c93M/tIZZ00QkT65JMr4xXQk7Vv5hWQ==",
      "dev": true,
      "requires": {
        "@types/jest": "^27.0.1"
      }
    },
    "semver": {
      "version": "6.3.0",
      "resolved": "https://registry.npm.taobao.org/semver/download/semver-6.3.0.tgz?cache=0&sync_timestamp=1616463603361&other_urls=https%3A%2F%2Fregistry.npm.taobao.org%2Fsemver%2Fdownload%2Fsemver-6.3.0.tgz",
      "integrity": "sha1-7gpkyK9ejO6mdoexM3YeG+y9HT0=",
      "dev": true
    },
    "source-map": {
      "version": "0.6.1",
      "resolved": "https://registry.npm.taobao.org/source-map/download/source-map-0.6.1.tgz",
      "integrity": "sha1-dHIq8y6WFOnCh6jQu95IteLxomM="
    },
    "source-map-js": {
      "version": "1.0.1",
      "resolved": "https://registry.npmmirror.com/source-map-js/download/source-map-js-1.0.1.tgz?cache=0&sync_timestamp=1636402309628&other_urls=https%3A%2F%2Fregistry.npmmirror.com%2Fsource-map-js%2Fdownload%2Fsource-map-js-1.0.1.tgz",
      "integrity": "sha512-4+TN2b3tqOCd/kaGRJ/sTYA0tR0mdXx26ipdolxcwtJVqEnqNYvlCAt1q3ypy4QMlYus+Zh34RNtYLoq2oQ4IA=="
    },
    "sourcemap-codec": {
      "version": "1.4.8",
      "resolved": "https://registry.npm.taobao.org/sourcemap-codec/download/sourcemap-codec-1.4.8.tgz",
      "integrity": "sha1-6oBL2UhXQC5pktBaOO8a41qatMQ="
    },
    "supports-color": {
      "version": "7.2.0",
      "resolved": "https://registry.npmmirror.com/supports-color/download/supports-color-7.2.0.tgz",
      "integrity": "sha1-G33NyzK4E4gBs+R4umpRyqiWSNo=",
      "dev": true,
      "requires": {
        "has-flag": "^4.0.0"
      }
    },
    "treemate": {
      "version": "0.3.8",
      "resolved": "https://registry.nlark.com/treemate/download/treemate-0.3.8.tgz",
      "integrity": "sha1-eRwM1urlvb0s0EATQpOF9TZv3/Q=",
      "dev": true
    },
    "vdirs": {
      "version": "0.1.4",
      "resolved": "https://registry.npmmirror.com/vdirs/download/vdirs-0.1.4.tgz",
      "integrity": "sha1-xMD/hs9H/tA95fhp4mUxHvGIq3Q=",
      "dev": true,
      "requires": {
        "@types/node": "^14.14.10",
        "evtd": "^0.2.2"
      }
    },
    "vfonts": {
      "version": "0.1.0",
      "resolved": "https://registry.nlark.com/vfonts/download/vfonts-0.1.0.tgz",
      "integrity": "sha1-wWrzfKBEsnJa5VVTBJKA775iIqk=",
      "dev": true
    },
    "vite": {
      "version": "2.6.14",
      "resolved": "https://registry.npmmirror.com/vite/download/vite-2.6.14.tgz?cache=0&sync_timestamp=1637429085822&other_urls=https%3A%2F%2Fregistry.npmmirror.com%2Fvite%2Fdownload%2Fvite-2.6.14.tgz",
      "integrity": "sha512-2HA9xGyi+EhY2MXo0+A2dRsqsAG3eFNEVIo12olkWhOmc8LfiM+eMdrXf+Ruje9gdXgvSqjLI9freec1RUM5EA==",
      "dev": true,
      "requires": {
        "esbuild": "^0.13.2",
        "fsevents": "~2.3.2",
        "postcss": "^8.3.8",
        "resolve": "^1.20.0",
        "rollup": "^2.57.0"
      }
    },
    "vooks": {
      "version": "0.2.10",
      "resolved": "https://registry.npmmirror.com/vooks/download/vooks-0.2.10.tgz",
      "integrity": "sha1-Jlb0wCV1jtl+3EqVhMnMFez/tws=",
      "dev": true,
      "requires": {
        "evtd": "^0.2.2"
      }
    },
    "vue": {
      "version": "3.2.23",
      "resolved": "https://registry.npmmirror.com/vue/download/vue-3.2.23.tgz",
      "integrity": "sha512-MGp9JZC37lzGhwSu6c1tQxrQbXbw7XKFqtYh7SFwNrNK899FPxGAHwSHMZijMChTSC3uZrD2BGO/3EHOgMJ0cw==",
      "requires": {
        "@vue/compiler-dom": "3.2.23",
        "@vue/compiler-sfc": "3.2.23",
        "@vue/runtime-dom": "3.2.23",
        "@vue/server-renderer": "3.2.23",
        "@vue/shared": "3.2.23"
      }
    },
    "vue-demi": {
      "version": "0.12.1",
      "resolved": "https://registry.npmmirror.com/vue-demi/download/vue-demi-0.12.1.tgz",
      "integrity": "sha1-9+GO++z/0RqwadFHLXoG4xm0F0w="
    },
    "vue-router": {
      "version": "4.0.12",
      "resolved": "https://registry.npmmirror.com/vue-router/download/vue-router-4.0.12.tgz",
      "integrity": "sha1-jceSzd9bsavMOQj5BkE23n4TxGA=",
      "requires": {
        "@vue/devtools-api": "^6.0.0-beta.18"
      }
    },
    "vueuc": {
      "version": "0.4.15",
      "resolved": "https://registry.npmmirror.com/vueuc/download/vueuc-0.4.15.tgz",
      "integrity": "sha1-fphoLrVBGMZaU8XYYWOxxJQxqRY=",
      "dev": true,
      "requires": {
        "css-render": "^0.15.3",
        "evtd": "^0.2.2",
        "resize-observer-polyfill": "^1.5.1",
        "seemly": "^0.3.1",
        "vdirs": "^0.1.4",
        "vooks": "^0.2.4"
      }
    }
  }
}
